
Microsoft Visual Studio Solution File, Format Version 12.00
# Visual Studio Version 16
VisualStudioVersion = 16.0.28803.202
MinimumVisualStudioVersion = 10.0.40219.1
Project("{FAE04EC0-301F-11D3-BF4B-00C04F79EFBC}") = "TestProj", "TestProj\TestProj.csproj", "{3E43D067-17DD-4AA2-BC32-CFB7666AB6E3}"
EndProject
Global
	GlobalSection(SolutionConfigurationPlatforms) = preSolution
		Debug|Any CPU = Debug|Any CPU
		Release|Any CPU = Release|Any CPU
	EndGlobalSection
	GlobalSection(ProjectConfigurationPlatforms) = postSolution
		{3E43D067-17DD-4AA2-BC32-CFB7666AB6E3}.Debug|Any CPU.ActiveCfg = Debug|Any CPU
		{3E43D067-17DD-4AA2-BC32-CFB7666AB6E3}.Debug|Any CPU.Build.0 = Debug|Any CPU
		{3E43D067-17DD-4AA2-BC32-CFB7666AB6E3}.Release|Any CPU.ActiveCfg = Release|Any CPU
		{3E43D067-17DD-4AA2-BC32-CFB7666AB6E3}.Release|Any CPU.Build.0 = Release|Any CPU
	EndGlobalSection
	GlobalSection(SolutionProperties) = preSolution
		HideSolutionNode = FALSE
	EndGlobalSection
	GlobalSection(ExtensibilityGlobals) = postSolution
		SolutionGuid = {B8DBA66F-24D7-4522-954C-F30FFECA08DC}
	EndGlobalSection
EndGlobal
